
Microsoft Visual Studio Solution File, Format Version 12.00
# Visual Studio 2013
VisualStudioVersion = 12.0.21005.1
MinimumVisualStudioVersion = 10.0.40219.1
Project("{8BC9CEB8-8B4A-11D0-8D11-00A0C91BC942}") = "Engine", "Engine\Engine.vcxproj", "{304BB138-20B1-40BB-9420-02AF435AB391}"
EndProject
Project("{8BC9CEB8-8B4A-11D0-8D11-00A0C91BC942}") = "Engine.Tests", "Engine.Tests\Engine.Tests.vcxproj", "{84F70F2C-D7FA-465C-974A-F2AFB5113517}"
EndProject
Project("{8BC9CEB8-8B4A-11D0-8D11-00A0C91BC942}") = "ConsoleTest", "ConsoleTest\ConsoleTest.vcxproj", "{8A3AC756-CDD8-42A5-817A-716D902C609D}"
EndProject
Global
	GlobalSection(SolutionConfigurationPlatforms) = preSolution
		Debug|ARM = Debug|ARM
		Debug|Mixed Platforms = Debug|Mixed Platforms
		Debug|Win32 = Debug|Win32
		Debug|x64 = Debug|x64
		Release|ARM = Release|ARM
		Release|Mixed Platforms = Release|Mixed Platforms
		Release|Win32 = Release|Win32
		Release|x64 = Release|x64
	EndGlobalSection
	GlobalSection(ProjectConfigurationPlatforms) = postSolution
		{304BB138-20B1-40BB-9420-02AF435AB391}.Debug|ARM.ActiveCfg = Debug|Win32
		{304BB138-20B1-40BB-9420-02AF435AB391}.Debug|Mixed Platforms.ActiveCfg = Debug|x64
		{304BB138-20B1-40BB-9420-02AF435AB391}.Debug|Mixed Platforms.Build.0 = Debug|x64
		{304BB138-20B1-40BB-9420-02AF435AB391}.Debug|Win32.ActiveCfg = Debug|x64
		{304BB138-20B1-40BB-9420-02AF435AB391}.Debug|Win32.Build.0 = Debug|x64
		{304BB138-20B1-40BB-9420-02AF435AB391}.Debug|x64.ActiveCfg = Debug|x64
		{304BB138-20B1-40BB-9420-02AF435AB391}.Debug|x64.Build.0 = Debug|x64
		{304BB138-20B1-40BB-9420-02AF435AB391}.Release|ARM.ActiveCfg = Release|Win32
		{304BB138-20B1-40BB-9420-02AF435AB391}.Release|Mixed Platforms.ActiveCfg = Release|x64
		{304BB138-20B1-40BB-9420-02AF435AB391}.Release|Mixed Platforms.Build.0 = Release|x64
		{304BB138-20B1-40BB-9420-02AF435AB391}.Release|Win32.ActiveCfg = Release|Win32
		{304BB138-20B1-40BB-9420-02AF435AB391}.Release|Win32.Build.0 = Release|Win32
		{304BB138-20B1-40BB-9420-02AF435AB391}.Release|x64.ActiveCfg = Release|x64
		{304BB138-20B1-40BB-9420-02AF435AB391}.Release|x64.Build.0 = Release|x64
		{84F70F2C-D7FA-465C-974A-F2AFB5113517}.Debug|ARM.ActiveCfg = Debug|ARM
		{84F70F2C-D7FA-465C-974A-F2AFB5113517}.Debug|ARM.Build.0 = Debug|ARM
		{84F70F2C-D7FA-465C-974A-F2AFB5113517}.Debug|Mixed Platforms.ActiveCfg = Debug|x64
		{84F70F2C-D7FA-465C-974A-F2AFB5113517}.Debug|Mixed Platforms.Build.0 = Debug|x64
		{84F70F2C-D7FA-465C-974A-F2AFB5113517}.Debug|Win32.ActiveCfg = Debug|x64
		{84F70F2C-D7FA-465C-974A-F2AFB5113517}.Debug|Win32.Build.0 = Debug|x64
		{84F70F2C-D7FA-465C-974A-F2AFB5113517}.Debug|x64.ActiveCfg = Debug|x64
		{84F70F2C-D7FA-465C-974A-F2AFB5113517}.Debug|x64.Build.0 = Debug|x64
		{84F70F2C-D7FA-465C-974A-F2AFB5113517}.Release|ARM.ActiveCfg = Release|ARM
		{84F70F2C-D7FA-465C-974A-F2AFB5113517}.Release|ARM.Build.0 = Release|ARM
		{84F70F2C-D7FA-465C-974A-F2AFB5113517}.Release|Mixed Platforms.ActiveCfg = Release|x64
		{84F70F2C-D7FA-465C-974A-F2AFB5113517}.Release|Mixed Platforms.Build.0 = Release|x64
		{84F70F2C-D7FA-465C-974A-F2AFB5113517}.Release|Win32.ActiveCfg = Release|Win32
		{84F70F2C-D7FA-465C-974A-F2AFB5113517}.Release|Win32.Build.0 = Release|Win32
		{84F70F2C-D7FA-465C-974A-F2AFB5113517}.Release|x64.ActiveCfg = Release|x64
		{84F70F2C-D7FA-465C-974A-F2AFB5113517}.Release|x64.Build.0 = Release|x64
		{8A3AC756-CDD8-42A5-817A-716D902C609D}.Debug|ARM.ActiveCfg = Debug|Win32
		{8A3AC756-CDD8-42A5-817A-716D902C609D}.Debug|Mixed Platforms.ActiveCfg = Debug|x64
		{8A3AC756-CDD8-42A5-817A-716D902C609D}.Debug|Mixed Platforms.Build.0 = Debug|x64
		{8A3AC756-CDD8-42A5-817A-716D902C609D}.Debug|Win32.ActiveCfg = Debug|Win32
		{8A3AC756-CDD8-42A5-817A-716D902C609D}.Debug|Win32.Build.0 = Debug|Win32
		{8A3AC756-CDD8-42A5-817A-716D902C609D}.Debug|x64.ActiveCfg = Debug|x64
		{8A3AC756-CDD8-42A5-817A-716D902C609D}.Debug|x64.Build.0 = Debug|x64
		{8A3AC756-CDD8-42A5-817A-716D902C609D}.Release|ARM.ActiveCfg = Release|Win32
		{8A3AC756-CDD8-42A5-817A-716D902C609D}.Release|Mixed Platforms.ActiveCfg = Release|x64
		{8A3AC756-CDD8-42A5-817A-716D902C609D}.Release|Mixed Platforms.Build.0 = Release|x64
		{8A3AC756-CDD8-42A5-817A-716D902C609D}.Release|Win32.ActiveCfg = Release|Win32
		{8A3AC756-CDD8-42A5-817A-716D902C609D}.Release|Win32.Build.0 = Release|Win32
		{8A3AC756-CDD8-42A5-817A-716D902C609D}.Release|x64.ActiveCfg = Release|x64
		{8A3AC756-CDD8-42A5-817A-716D902C609D}.Release|x64.Build.0 = Release|x64
	EndGlobalSection
	GlobalSection(SolutionProperties) = preSolution
		HideSolutionNode = FALSE
	EndGlobalSection
EndGlobal
